
Microsoft Visual Studio Solution File, Format Version 12.00
# Visual Studio Version 16
VisualStudioVersion = 16.0.31729.503
MinimumVisualStudioVersion = 10.0.40219.1
Project("{FAE04EC0-301F-11D3-BF4B-00C04F79EFBC}") = "WhatsappTracking", "WhatsappTracking\WhatsappTracking.csproj", "{BDA9C30D-AACE-4B5B-8039-E1D443D4C8F5}"
EndProject
Global
	GlobalSection(SolutionConfigurationPlatforms) = preSolution
		Debug|Any CPU = Debug|Any CPU
		Release|Any CPU = Release|Any CPU
	EndGlobalSection
	GlobalSection(ProjectConfigurationPlatforms) = postSolution
		{BDA9C30D-AACE-4B5B-8039-E1D443D4C8F5}.Debug|Any CPU.ActiveCfg = Debug|Any CPU
		{BDA9C30D-AACE-4B5B-8039-E1D443D4C8F5}.Debug|Any CPU.Build.0 = Debug|Any CPU
		{BDA9C30D-AACE-4B5B-8039-E1D443D4C8F5}.Release|Any CPU.ActiveCfg = Release|Any CPU
		{BDA9C30D-AACE-4B5B-8039-E1D443D4C8F5}.Release|Any CPU.Build.0 = Release|Any CPU
	EndGlobalSection
	GlobalSection(SolutionProperties) = preSolution
		HideSolutionNode = FALSE
	EndGlobalSection
	GlobalSection(ExtensibilityGlobals) = postSolution
		SolutionGuid = {9628E2C9-6307-4820-9ED1-856134357658}
	EndGlobalSection
EndGlobal
